{
  "version": 4,
  "terraform_version": "1.6.3",
  "serial": 33,
  "lineage": "328c1b6a-736e-c963-20bc-e71c7b377b85",
  "outputs": {},
  "resources": [
    {
      "mode": "data",
      "type": "digitalocean_ssh_key",
      "name": "terraform",
      "provider": "provider[\"registry.terraform.io/digitalocean/digitalocean\"]",
      "instances": [
        {
          "schema_version": 0,
          "attributes": {
            "fingerprint": "d8:02:85:85:c6:28:85:2a:73:40:5b:ec:84:5a:9f:9b",
            "id": "39960458",
            "name": "DigitalPublicSSHKey",
            "public_key": "ssh-rsa AAAAB3NzaC1yc2EAAAADAQABAAABAQCA393PSalxhAtJ/9b/w8s4YeBo/+ROMpgpCURaeJ6ofwdecGDzSG22nni1poMJCvz9jvj1oLA4Xr0ZgVAZLSar39gMiUKGobPLiZY6lB1UE0t2f+xxpvsknoHxy1+jiZmaN92OnIjvIrhN3Bntiin3vg0m5swPAyaEOE6Fj9W2S8G3pkrlGB+le3/4udj5OryY+mW/Ub0N19CziyAZtm8mMlJHhFmvql2q/lr1IgtnAop1A/kEd42HFuxsZJsI38rvGRH9bmQNBGgbbq9PA4pBWSG6lT1S6zq/dNN3iIhso6wr+o6EAVEHEzMKsErOs5liDU3GUIngNCstC/DJ9z9F rsa-key-20231113"
          },
          "sensitive_attributes": []
        }
      ]
    },
    {
      "mode": "managed",
      "type": "digitalocean_droplet",
      "name": "www-1",
      "provider": "provider[\"registry.terraform.io/digitalocean/digitalocean\"]",
      "instances": [
        {
          "status": "tainted",
          "schema_version": 1,
          "attributes": {
            "backups": false,
            "created_at": "2023-11-13T07:08:58Z",
            "disk": 25,
            "id": "384712373",
            "image": "ubuntu-23-10-x64",
            "ipv4_address": "165.227.79.30",
            "ipv4_address_private": "10.108.0.2",
            "ipv6": false,
            "ipv6_address": "",
            "ipv6_address_private": null,
            "locked": false,
            "memory": 1024,
            "monitoring": false,
            "name": "www-1",
            "price_hourly": 0.00893,
            "price_monthly": 6,
            "private_networking": true,
            "region": "nyc3",
            "resize_disk": true,
            "size": "s-1vcpu-1gb",
            "ssh_keys": [
              "39960458"
            ],
            "status": "active",
            "tags": null,
            "urn": "do:droplet:384712373",
            "user_data": null,
            "vcpus": 1,
            "volume_ids": [],
            "vpc_uuid": "addae0bb-24cb-4af6-bd3e-42de80d61011"
          },
          "sensitive_attributes": [],
          "private": "eyJzY2hlbWFfdmVyc2lvbiI6IjEifQ==",
          "dependencies": [
            "data.digitalocean_ssh_key.terraform"
          ]
        }
      ]
    }
  ],
  "check_results": null
}
